<?xml version="1.0" encoding="utf-8"?>
<Project ToolsVersion="17.0" xmlns="http://schemas.microsoft.com/developer/msbuild/2003">
  <ItemGroup>
    <ClCompile Include="C:\Users\shadowdev\Documents\GitHub\Qbot\src\dllmain.cpp">
      <Filter>Source Files</Filter>
    </ClCompile>
    <ClCompile Include="C:\Users\shadowdev\Documents\GitHub\Qbot\src\hooks\hooks.cpp">
      <Filter>Source Files</Filter>
    </ClCompile>
    <ClCompile Include="C:\Users\shadowdev\Documents\GitHub\Qbot\src\hooks\dx11_hook.cpp">
      <Filter>Source Files</Filter>
    </ClCompile>
    <ClCompile Include="C:\Users\shadowdev\Documents\GitHub\Qbot\src\features\esp.cpp">
      <Filter>Source Files</Filter>
    </ClCompile>
    <ClCompile Include="C:\Users\shadowdev\Documents\GitHub\Qbot\src\features\aimbot.cpp">
      <Filter>Source Files</Filter>
    </ClCompile>
    <ClCompile Include="C:\Users\shadowdev\Documents\GitHub\Qbot\src\features\player_fov.cpp">
      <Filter>Source Files</Filter>
    </ClCompile>
    <ClCompile Include="C:\Users\shadowdev\Documents\GitHub\Qbot\src\features\bhop.cpp">
      <Filter>Source Files</Filter>
    </ClCompile>
    <ClCompile Include="C:\Users\shadowdev\Documents\GitHub\Qbot\src\features\noflash.cpp">
      <Filter>Source Files</Filter>
    </ClCompile>
    <ClCompile Include="C:\Users\shadowdev\Documents\GitHub\Qbot\src\features\nosmoke.cpp">
      <Filter>Source Files</Filter>
    </ClCompile>
    <ClCompile Include="C:\Users\shadowdev\Documents\GitHub\Qbot\src\features\killsound.cpp">
      <Filter>Source Files</Filter>
    </ClCompile>
    <ClCompile Include="C:\Users\shadowdev\Documents\GitHub\Qbot\src\features\spectator_list.cpp">
      <Filter>Source Files</Filter>
    </ClCompile>
    <ClCompile Include="C:\Users\shadowdev\Documents\GitHub\Qbot\src\features\bomb_timer.cpp">
      <Filter>Source Files</Filter>
    </ClCompile>
    <ClCompile Include="C:\Users\shadowdev\Documents\GitHub\Qbot\src\features\triggerbot.cpp">
      <Filter>Source Files</Filter>
    </ClCompile>
    <ClCompile Include="C:\Users\shadowdev\Documents\GitHub\Qbot\src\features\radar.cpp">
      <Filter>Source Files</Filter>
    </ClCompile>
    <ClCompile Include="C:\Users\shadowdev\Documents\GitHub\Qbot\src\features\keybind_manager.cpp">
      <Filter>Source Files</Filter>
    </ClCompile>
    <ClCompile Include="C:\Users\shadowdev\Documents\GitHub\Qbot\src\features\inventory_changer.cpp">
      <Filter>Source Files</Filter>
    </ClCompile>
    <ClCompile Include="C:\Users\shadowdev\Documents\GitHub\Qbot\src\features\texture_manager.cpp">
      <Filter>Source Files</Filter>
    </ClCompile>
    <ClCompile Include="C:\Users\shadowdev\Documents\GitHub\Qbot\src\features\skychanger.cpp">
      <Filter>Source Files</Filter>
    </ClCompile>
    <ClCompile Include="C:\Users\shadowdev\Documents\GitHub\Qbot\src\features\third_person.cpp">
      <Filter>Source Files</Filter>
    </ClCompile>
    <ClCompile Include="C:\Users\shadowdev\Documents\GitHub\Qbot\src\features\silent_aim.cpp">
      <Filter>Source Files</Filter>
    </ClCompile>
    <ClCompile Include="C:\Users\shadowdev\Documents\GitHub\Qbot\src\features\bullet_tracer.cpp">
      <Filter>Source Files</Filter>
    </ClCompile>
    <ClCompile Include="C:\Users\shadowdev\Documents\GitHub\Qbot\src\features\config_manager.cpp">
      <Filter>Source Files</Filter>
    </ClCompile>
    <ClCompile Include="C:\Users\shadowdev\Documents\GitHub\Qbot\vendor\imgui\imgui.cpp">
      <Filter>Source Files</Filter>
    </ClCompile>
    <ClCompile Include="C:\Users\shadowdev\Documents\GitHub\Qbot\vendor\imgui\imgui_demo.cpp">
      <Filter>Source Files</Filter>
    </ClCompile>
    <ClCompile Include="C:\Users\shadowdev\Documents\GitHub\Qbot\vendor\imgui\imgui_draw.cpp">
      <Filter>Source Files</Filter>
    </ClCompile>
    <ClCompile Include="C:\Users\shadowdev\Documents\GitHub\Qbot\vendor\imgui\imgui_tables.cpp">
      <Filter>Source Files</Filter>
    </ClCompile>
    <ClCompile Include="C:\Users\shadowdev\Documents\GitHub\Qbot\vendor\imgui\imgui_widgets.cpp">
      <Filter>Source Files</Filter>
    </ClCompile>
    <ClCompile Include="C:\Users\shadowdev\Documents\GitHub\Qbot\vendor\imgui\backends\imgui_impl_win32.cpp">
      <Filter>Source Files</Filter>
    </ClCompile>
    <ClCompile Include="C:\Users\shadowdev\Documents\GitHub\Qbot\vendor\imgui\backends\imgui_impl_dx11.cpp">
      <Filter>Source Files</Filter>
    </ClCompile>
  </ItemGroup>
  <ItemGroup>
    <CustomBuild Include="C:\Users\shadowdev\Documents\GitHub\Qbot\CMakeLists.txt" />
  </ItemGroup>
  <ItemGroup>
    <Filter Include="Source Files">
      <UniqueIdentifier>{715008B7-7F31-3577-BB6A-EC971FE80934}</UniqueIdentifier>
    </Filter>
  </ItemGroup>
</Project>
