
Microsoft Visual Studio Solution File, Format Version 12.00
# Visual Studio Version 17
Project("{8BC9CEB8-8B4A-11D0-8D11-00A0C91BC942}") = "ALL_BUILD", "ALL_BUILD.vcxproj", "{F71405E9-BCFD-3D22-9AD6-1BDBB9362DF7}"
	ProjectSection(ProjectDependencies) = postProject
		{458ECC2A-F950-30CA-A9A2-5F113B281A06} = {458ECC2A-F950-30CA-A9A2-5F113B281A06}
		{8B9D3362-3437-37F4-898C-0958C08D4128} = {8B9D3362-3437-37F4-898C-0958C08D4128}
	EndProjectSection
EndProject
Project("{8BC9CEB8-8B4A-11D0-8D11-00A0C91BC942}") = "INSTALL", "INSTALL.vcxproj", "{2017CE85-9F3D-3BE1-AB72-D5D2ECC94E0F}"
	ProjectSection(ProjectDependencies) = postProject
		{F71405E9-BCFD-3D22-9AD6-1BDBB9362DF7} = {F71405E9-BCFD-3D22-9AD6-1BDBB9362DF7}
		{458ECC2A-F950-30CA-A9A2-5F113B281A06} = {458ECC2A-F950-30CA-A9A2-5F113B281A06}
	EndProjectSection
EndProject
Project("{8BC9CEB8-8B4A-11D0-8D11-00A0C91BC942}") = "ZERO_CHECK", "ZERO_CHECK.vcxproj", "{458ECC2A-F950-30CA-A9A2-5F113B281A06}"
	ProjectSection(ProjectDependencies) = postProject
	EndProjectSection
EndProject
Project("{8BC9CEB8-8B4A-11D0-8D11-00A0C91BC942}") = "mindcheat", "mindcheat.vcxproj", "{8B9D3362-3437-37F4-898C-0958C08D4128}"
	ProjectSection(ProjectDependencies) = postProject
		{458ECC2A-F950-30CA-A9A2-5F113B281A06} = {458ECC2A-F950-30CA-A9A2-5F113B281A06}
		{1992240D-4449-377B-A57A-CA1AFA17666A} = {1992240D-4449-377B-A57A-CA1AFA17666A}
	EndProjectSection
EndProject
Project("{8BC9CEB8-8B4A-11D0-8D11-00A0C91BC942}") = "minhook", "vendor\minhook\minhook.vcxproj", "{1992240D-4449-377B-A57A-CA1AFA17666A}"
	ProjectSection(ProjectDependencies) = postProject
		{458ECC2A-F950-30CA-A9A2-5F113B281A06} = {458ECC2A-F950-30CA-A9A2-5F113B281A06}
	EndProjectSection
EndProject
Global
	GlobalSection(SolutionConfigurationPlatforms) = preSolution
		Debug|x64 = Debug|x64
		Release|x64 = Release|x64
		MinSizeRel|x64 = MinSizeRel|x64
		RelWithDebInfo|x64 = RelWithDebInfo|x64
	EndGlobalSection
	GlobalSection(ProjectConfigurationPlatforms) = postSolution
		{F71405E9-BCFD-3D22-9AD6-1BDBB9362DF7}.Debug|x64.ActiveCfg = Debug|x64
		{F71405E9-BCFD-3D22-9AD6-1BDBB9362DF7}.Debug|x64.Build.0 = Debug|x64
		{F71405E9-BCFD-3D22-9AD6-1BDBB9362DF7}.Release|x64.ActiveCfg = Release|x64
		{F71405E9-BCFD-3D22-9AD6-1BDBB9362DF7}.Release|x64.Build.0 = Release|x64
		{F71405E9-BCFD-3D22-9AD6-1BDBB9362DF7}.MinSizeRel|x64.ActiveCfg = MinSizeRel|x64
		{F71405E9-BCFD-3D22-9AD6-1BDBB9362DF7}.MinSizeRel|x64.Build.0 = MinSizeRel|x64
		{F71405E9-BCFD-3D22-9AD6-1BDBB9362DF7}.RelWithDebInfo|x64.ActiveCfg = RelWithDebInfo|x64
		{F71405E9-BCFD-3D22-9AD6-1BDBB9362DF7}.RelWithDebInfo|x64.Build.0 = RelWithDebInfo|x64
		{2017CE85-9F3D-3BE1-AB72-D5D2ECC94E0F}.Debug|x64.ActiveCfg = Debug|x64
		{2017CE85-9F3D-3BE1-AB72-D5D2ECC94E0F}.Release|x64.ActiveCfg = Release|x64
		{2017CE85-9F3D-3BE1-AB72-D5D2ECC94E0F}.MinSizeRel|x64.ActiveCfg = MinSizeRel|x64
		{2017CE85-9F3D-3BE1-AB72-D5D2ECC94E0F}.RelWithDebInfo|x64.ActiveCfg = RelWithDebInfo|x64
		{458ECC2A-F950-30CA-A9A2-5F113B281A06}.Debug|x64.ActiveCfg = Debug|x64
		{458ECC2A-F950-30CA-A9A2-5F113B281A06}.Debug|x64.Build.0 = Debug|x64
		{458ECC2A-F950-30CA-A9A2-5F113B281A06}.Release|x64.ActiveCfg = Release|x64
		{458ECC2A-F950-30CA-A9A2-5F113B281A06}.Release|x64.Build.0 = Release|x64
		{458ECC2A-F950-30CA-A9A2-5F113B281A06}.MinSizeRel|x64.ActiveCfg = MinSizeRel|x64
		{458ECC2A-F950-30CA-A9A2-5F113B281A06}.MinSizeRel|x64.Build.0 = MinSizeRel|x64
		{458ECC2A-F950-30CA-A9A2-5F113B281A06}.RelWithDebInfo|x64.ActiveCfg = RelWithDebInfo|x64
		{458ECC2A-F950-30CA-A9A2-5F113B281A06}.RelWithDebInfo|x64.Build.0 = RelWithDebInfo|x64
		{8B9D3362-3437-37F4-898C-0958C08D4128}.Debug|x64.ActiveCfg = Debug|x64
		{8B9D3362-3437-37F4-898C-0958C08D4128}.Debug|x64.Build.0 = Debug|x64
		{8B9D3362-3437-37F4-898C-0958C08D4128}.Release|x64.ActiveCfg = Release|x64
		{8B9D3362-3437-37F4-898C-0958C08D4128}.Release|x64.Build.0 = Release|x64
		{8B9D3362-3437-37F4-898C-0958C08D4128}.MinSizeRel|x64.ActiveCfg = MinSizeRel|x64
		{8B9D3362-3437-37F4-898C-0958C08D4128}.MinSizeRel|x64.Build.0 = MinSizeRel|x64
		{8B9D3362-3437-37F4-898C-0958C08D4128}.RelWithDebInfo|x64.ActiveCfg = RelWithDebInfo|x64
		{8B9D3362-3437-37F4-898C-0958C08D4128}.RelWithDebInfo|x64.Build.0 = RelWithDebInfo|x64
		{1992240D-4449-377B-A57A-CA1AFA17666A}.Debug|x64.ActiveCfg = Debug|x64
		{1992240D-4449-377B-A57A-CA1AFA17666A}.Debug|x64.Build.0 = Debug|x64
		{1992240D-4449-377B-A57A-CA1AFA17666A}.Release|x64.ActiveCfg = Release|x64
		{1992240D-4449-377B-A57A-CA1AFA17666A}.Release|x64.Build.0 = Release|x64
		{1992240D-4449-377B-A57A-CA1AFA17666A}.MinSizeRel|x64.ActiveCfg = MinSizeRel|x64
		{1992240D-4449-377B-A57A-CA1AFA17666A}.MinSizeRel|x64.Build.0 = MinSizeRel|x64
		{1992240D-4449-377B-A57A-CA1AFA17666A}.RelWithDebInfo|x64.ActiveCfg = RelWithDebInfo|x64
		{1992240D-4449-377B-A57A-CA1AFA17666A}.RelWithDebInfo|x64.Build.0 = RelWithDebInfo|x64
	EndGlobalSection
	GlobalSection(ExtensibilityGlobals) = postSolution
		SolutionGuid = {682B6FF5-D3A3-3A04-8D7E-E9A4C03E7718}
	EndGlobalSection
	GlobalSection(ExtensibilityAddIns) = postSolution
	EndGlobalSection
EndGlobal
